
Microsoft Visual Studio Solution File, Format Version 12.00
# Visual Studio Version 17
VisualStudioVersion = 17.1.32414.318
MinimumVisualStudioVersion = 10.0.40219.1
Project("{FAE04EC0-301F-11D3-BF4B-00C04F79EFBC}") = "Usuarionet", "Usuarionet\Usuarionet.csproj", "{4DB667AE-B743-4A23-AC58-5A47149EFF69}"
EndProject
Global
	GlobalSection(SolutionConfigurationPlatforms) = preSolution
		Debug|Any CPU = Debug|Any CPU
		Release|Any CPU = Release|Any CPU
	EndGlobalSection
	GlobalSection(ProjectConfigurationPlatforms) = postSolution
		{4DB667AE-B743-4A23-AC58-5A47149EFF69}.Debug|Any CPU.ActiveCfg = Debug|Any CPU
		{4DB667AE-B743-4A23-AC58-5A47149EFF69}.Debug|Any CPU.Build.0 = Debug|Any CPU
		{4DB667AE-B743-4A23-AC58-5A47149EFF69}.Release|Any CPU.ActiveCfg = Release|Any CPU
		{4DB667AE-B743-4A23-AC58-5A47149EFF69}.Release|Any CPU.Build.0 = Release|Any CPU
	EndGlobalSection
	GlobalSection(SolutionProperties) = preSolution
		HideSolutionNode = FALSE
	EndGlobalSection
	GlobalSection(ExtensibilityGlobals) = postSolution
		SolutionGuid = {C91D1966-CFA6-4310-9A47-505D7D54A5C0}
	EndGlobalSection
EndGlobal
